
Microsoft Visual Studio Solution File, Format Version 12.00
# Visual Studio Version 17
VisualStudioVersion = 17.8.34408.163
MinimumVisualStudioVersion = 10.0.40219.1
Project("{9A19103F-16F7-4668-BE54-9A1E7A4F7556}") = "thunders.tasks.domain", "domain\thunders.tasks.domain.csproj", "{283FE992-D092-4AE3-A137-F5DCF0EEC22F}"
EndProject
Project("{FAE04EC0-301F-11D3-BF4B-00C04F79EFBC}") = "thunders.tasks.infra", "infrastructure\thunders.tasks.infra.csproj", "{12ADB37E-EE7B-4FA6-9D1D-723E759D38D3}"
EndProject
Project("{FAE04EC0-301F-11D3-BF4B-00C04F79EFBC}") = "thunders.tasks.application", "application\thunders.tasks.application.csproj", "{1DFD8106-45B5-47A3-9788-089E015A9785}"
EndProject
Project("{FAE04EC0-301F-11D3-BF4B-00C04F79EFBC}") = "thunders.tasks.api", "api\thunders.tasks.api.csproj", "{5541368E-2931-4E91-8A14-E916CF88975D}"
EndProject
Global
	GlobalSection(SolutionConfigurationPlatforms) = preSolution
		Debug|Any CPU = Debug|Any CPU
		Release|Any CPU = Release|Any CPU
	EndGlobalSection
	GlobalSection(ProjectConfigurationPlatforms) = postSolution
		{283FE992-D092-4AE3-A137-F5DCF0EEC22F}.Debug|Any CPU.ActiveCfg = Debug|Any CPU
		{283FE992-D092-4AE3-A137-F5DCF0EEC22F}.Debug|Any CPU.Build.0 = Debug|Any CPU
		{283FE992-D092-4AE3-A137-F5DCF0EEC22F}.Release|Any CPU.ActiveCfg = Release|Any CPU
		{283FE992-D092-4AE3-A137-F5DCF0EEC22F}.Release|Any CPU.Build.0 = Release|Any CPU
		{12ADB37E-EE7B-4FA6-9D1D-723E759D38D3}.Debug|Any CPU.ActiveCfg = Debug|Any CPU
		{12ADB37E-EE7B-4FA6-9D1D-723E759D38D3}.Debug|Any CPU.Build.0 = Debug|Any CPU
		{12ADB37E-EE7B-4FA6-9D1D-723E759D38D3}.Release|Any CPU.ActiveCfg = Release|Any CPU
		{12ADB37E-EE7B-4FA6-9D1D-723E759D38D3}.Release|Any CPU.Build.0 = Release|Any CPU
		{1DFD8106-45B5-47A3-9788-089E015A9785}.Debug|Any CPU.ActiveCfg = Debug|Any CPU
		{1DFD8106-45B5-47A3-9788-089E015A9785}.Debug|Any CPU.Build.0 = Debug|Any CPU
		{1DFD8106-45B5-47A3-9788-089E015A9785}.Release|Any CPU.ActiveCfg = Release|Any CPU
		{1DFD8106-45B5-47A3-9788-089E015A9785}.Release|Any CPU.Build.0 = Release|Any CPU
		{5541368E-2931-4E91-8A14-E916CF88975D}.Debug|Any CPU.ActiveCfg = Debug|Any CPU
		{5541368E-2931-4E91-8A14-E916CF88975D}.Debug|Any CPU.Build.0 = Debug|Any CPU
		{5541368E-2931-4E91-8A14-E916CF88975D}.Release|Any CPU.ActiveCfg = Release|Any CPU
		{5541368E-2931-4E91-8A14-E916CF88975D}.Release|Any CPU.Build.0 = Release|Any CPU
	EndGlobalSection
	GlobalSection(SolutionProperties) = preSolution
		HideSolutionNode = FALSE
	EndGlobalSection
	GlobalSection(ExtensibilityGlobals) = postSolution
		SolutionGuid = {640DC347-062C-45B7-9703-FDF87FEA1305}
	EndGlobalSection
EndGlobal
